// !$*UTF8*$!
{
	archiveVersion = 1;
	classes = {
	};
	objectVersion = 56;
	objects = {

/* Begin PBXBuildFile section */
		DAB9090A2A8F07FF00393BAF /* StockRankViewModel.swift in Sources */ = {isa = PBXBuildFile; fileRef = DAB909092A8F07FF00393BAF /* StockRankViewModel.swift */; };
		DAB909102A8F0CCE00393BAF /* FirstView.swift in Sources */ = {isa = PBXBuildFile; fileRef = DAB9090F2A8F0CCE00393BAF /* FirstView.swift */; };
		DAB909122A8F0CE700393BAF /* SecondView.swift in Sources */ = {isa = PBXBuildFile; fileRef = DAB909112A8F0CE700393BAF /* SecondView.swift */; };
		DAB909142A8F0CF000393BAF /* ThirdView.swift in Sources */ = {isa = PBXBuildFile; fileRef = DAB909132A8F0CF000393BAF /* ThirdView.swift */; };
		DAB909162A8F0D1F00393BAF /* UserProfileSettings.swift in Sources */ = {isa = PBXBuildFile; fileRef = DAB909152A8F0D1F00393BAF /* UserProfileSettings.swift */; };
		DAEC38502A8DE3C4008479DF /* SwiftUI_BasicApp.swift in Sources */ = {isa = PBXBuildFile; fileRef = DAEC384F2A8DE3C4008479DF /* SwiftUI_BasicApp.swift */; };
		DAEC38522A8DE3C4008479DF /* ContentView.swift in Sources */ = {isa = PBXBuildFile; fileRef = DAEC38512A8DE3C4008479DF /* ContentView.swift */; };
		DAEC38542A8DE3C5008479DF /* Assets.xcassets in Resources */ = {isa = PBXBuildFile; fileRef = DAEC38532A8DE3C5008479DF /* Assets.xcassets */; };
		DAEC38572A8DE3C5008479DF /* Preview Assets.xcassets in Resources */ = {isa = PBXBuildFile; fileRef = DAEC38562A8DE3C5008479DF /* Preview Assets.xcassets */; };
		DAEC38612A8DE3C5008479DF /* SwiftUI_BasicTests.swift in Sources */ = {isa = PBXBuildFile; fileRef = DAEC38602A8DE3C5008479DF /* SwiftUI_BasicTests.swift */; };
		DAEC386B2A8DE3C5008479DF /* SwiftUI_BasicUITests.swift in Sources */ = {isa = PBXBuildFile; fileRef = DAEC386A2A8DE3C5008479DF /* SwiftUI_BasicUITests.swift */; };
		DAEC386D2A8DE3C5008479DF /* SwiftUI_BasicUITestsLaunchTests.swift in Sources */ = {isa = PBXBuildFile; fileRef = DAEC386C2A8DE3C5008479DF /* SwiftUI_BasicUITestsLaunchTests.swift */; };
		DAEC387A2A8DE601008479DF /* TextView.swift in Sources */ = {isa = PBXBuildFile; fileRef = DAEC38792A8DE601008479DF /* TextView.swift */; };
		DAEC387C2A8DE610008479DF /* ButtonView.swift in Sources */ = {isa = PBXBuildFile; fileRef = DAEC387B2A8DE610008479DF /* ButtonView.swift */; };
		DAEC387E2A8DE61E008479DF /* ImageView.swift in Sources */ = {isa = PBXBuildFile; fileRef = DAEC387D2A8DE61E008479DF /* ImageView.swift */; };
		DAEC38802A8DED1C008479DF /* StackView.swift in Sources */ = {isa = PBXBuildFile; fileRef = DAEC387F2A8DED1C008479DF /* StackView.swift */; };
		DAEC38842A8DEDC7008479DF /* Episode.swift in Sources */ = {isa = PBXBuildFile; fileRef = DAEC38832A8DEDC7008479DF /* Episode.swift */; };
		DAEC38862A8DEDDA008479DF /* PlayerView.swift in Sources */ = {isa = PBXBuildFile; fileRef = DAEC38852A8DEDDA008479DF /* PlayerView.swift */; };
		DAEC38882A8DEDF3008479DF /* PlayingStatusView.swift in Sources */ = {isa = PBXBuildFile; fileRef = DAEC38872A8DEDF3008479DF /* PlayingStatusView.swift */; };
		DAEC388A2A8DEE06008479DF /* PlayButton.swift in Sources */ = {isa = PBXBuildFile; fileRef = DAEC38892A8DEE06008479DF /* PlayButton.swift */; };
		DAEC38A32A8DF18B008479DF /* SymbolRoller_SwiftUITests.swift in Sources */ = {isa = PBXBuildFile; fileRef = DAEC38902A8DF18B008479DF /* SymbolRoller_SwiftUITests.swift */; };
		DAEC38A42A8DF18B008479DF /* SymbolRoller_SwiftUIUITests.swift in Sources */ = {isa = PBXBuildFile; fileRef = DAEC38922A8DF18B008479DF /* SymbolRoller_SwiftUIUITests.swift */; };
		DAEC38A52A8DF18B008479DF /* SymbolRoller_SwiftUIUITestsLaunchTests.swift in Sources */ = {isa = PBXBuildFile; fileRef = DAEC38932A8DF18B008479DF /* SymbolRoller_SwiftUIUITestsLaunchTests.swift */; };
		DAEC38A62A8DF18B008479DF /* Assets.xcassets in Resources */ = {isa = PBXBuildFile; fileRef = DAEC38952A8DF18B008479DF /* Assets.xcassets */; };
		DAEC38A72A8DF18B008479DF /* Preview Assets.xcassets in Resources */ = {isa = PBXBuildFile; fileRef = DAEC38972A8DF18B008479DF /* Preview Assets.xcassets */; };
		DAEC38A82A8DF18B008479DF /* SymbolRoller_SwiftUIApp.swift in Sources */ = {isa = PBXBuildFile; fileRef = DAEC38982A8DF18B008479DF /* SymbolRoller_SwiftUIApp.swift */; };
		DAEC38A92A8DF18B008479DF /* SymbolRollerView.swift in Sources */ = {isa = PBXBuildFile; fileRef = DAEC38992A8DF18B008479DF /* SymbolRollerView.swift */; };
		DAEC38AC2A8DF1D7008479DF /* SymbolRollerView.swift in Sources */ = {isa = PBXBuildFile; fileRef = DAEC38AB2A8DF1D7008479DF /* SymbolRollerView.swift */; };
		DAEC38AF2A8DF5CC008479DF /* StockModel.swift in Sources */ = {isa = PBXBuildFile; fileRef = DAEC38AE2A8DF5CC008479DF /* StockModel.swift */; };
		DAEC38B12A8DF5D7008479DF /* StockRankView.swift in Sources */ = {isa = PBXBuildFile; fileRef = DAEC38B02A8DF5D7008479DF /* StockRankView.swift */; };
		DAEC38B32A8DF5E7008479DF /* StockRankRow.swift in Sources */ = {isa = PBXBuildFile; fileRef = DAEC38B22A8DF5E7008479DF /* StockRankRow.swift */; };
		DAEC38B62A8E099B008479DF /* FrameworkListView.swift in Sources */ = {isa = PBXBuildFile; fileRef = DAEC38B52A8E099B008479DF /* FrameworkListView.swift */; };
		DAEC38B82A8E09C1008479DF /* FrameworkCell.swift in Sources */ = {isa = PBXBuildFile; fileRef = DAEC38B72A8E09C1008479DF /* FrameworkCell.swift */; };
		DAEC38BA2A8E09D1008479DF /* FrameworkData.swift in Sources */ = {isa = PBXBuildFile; fileRef = DAEC38B92A8E09D1008479DF /* FrameworkData.swift */; };
		DAEC38D72A8E1573008479DF /* StockDetailView.swift in Sources */ = {isa = PBXBuildFile; fileRef = DAEC38D62A8E1573008479DF /* StockDetailView.swift */; };
/* End PBXBuildFile section */

/* Begin PBXContainerItemProxy section */
		DAEC385D2A8DE3C5008479DF /* PBXContainerItemProxy */ = {
			isa = PBXContainerItemProxy;
			containerPortal = DAEC38442A8DE3C4008479DF /* Project object */;
			proxyType = 1;
			remoteGlobalIDString = DAEC384B2A8DE3C4008479DF;
			remoteInfo = "SwiftUI-Basic";
		};
		DAEC38672A8DE3C5008479DF /* PBXContainerItemProxy */ = {
			isa = PBXContainerItemProxy;
			containerPortal = DAEC38442A8DE3C4008479DF /* Project object */;
			proxyType = 1;
			remoteGlobalIDString = DAEC384B2A8DE3C4008479DF;
			remoteInfo = "SwiftUI-Basic";
		};
		DAEC389D2A8DF18B008479DF /* PBXContainerItemProxy */ = {
			isa = PBXContainerItemProxy;
			containerPortal = DAEC388C2A8DF18B008479DF /* SymbolRoller-SwiftUI.xcodeproj */;
			proxyType = 2;
			remoteGlobalIDString = 94CCB1FE2837F24F000DD70A;
			remoteInfo = "SymbolRoller-SwiftUI";
		};
		DAEC389F2A8DF18B008479DF /* PBXContainerItemProxy */ = {
			isa = PBXContainerItemProxy;
			containerPortal = DAEC388C2A8DF18B008479DF /* SymbolRoller-SwiftUI.xcodeproj */;
			proxyType = 2;
			remoteGlobalIDString = 94CCB20E2837F250000DD70A;
			remoteInfo = "SymbolRoller-SwiftUITests";
		};
		DAEC38A12A8DF18B008479DF /* PBXContainerItemProxy */ = {
			isa = PBXContainerItemProxy;
			containerPortal = DAEC388C2A8DF18B008479DF /* SymbolRoller-SwiftUI.xcodeproj */;
			proxyType = 2;
			remoteGlobalIDString = 94CCB2182837F250000DD70A;
			remoteInfo = "SymbolRoller-SwiftUIUITests";
		};
/* End PBXContainerItemProxy section */

/* Begin PBXFileReference section */
		DAB909092A8F07FF00393BAF /* StockRankViewModel.swift */ = {isa = PBXFileReference; lastKnownFileType = sourcecode.swift; path = StockRankViewModel.swift; sourceTree = "<group>"; };
		DAB9090F2A8F0CCE00393BAF /* FirstView.swift */ = {isa = PBXFileReference; lastKnownFileType = sourcecode.swift; path = FirstView.swift; sourceTree = "<group>"; };
		DAB909112A8F0CE700393BAF /* SecondView.swift */ = {isa = PBXFileReference; lastKnownFileType = sourcecode.swift; path = SecondView.swift; sourceTree = "<group>"; };
		DAB909132A8F0CF000393BAF /* ThirdView.swift */ = {isa = PBXFileReference; lastKnownFileType = sourcecode.swift; path = ThirdView.swift; sourceTree = "<group>"; };
		DAB909152A8F0D1F00393BAF /* UserProfileSettings.swift */ = {isa = PBXFileReference; lastKnownFileType = sourcecode.swift; path = UserProfileSettings.swift; sourceTree = "<group>"; };
		DAEC384C2A8DE3C4008479DF /* SwiftUI-Basic.app */ = {isa = PBXFileReference; explicitFileType = wrapper.application; includeInIndex = 0; path = "SwiftUI-Basic.app"; sourceTree = BUILT_PRODUCTS_DIR; };
		DAEC384F2A8DE3C4008479DF /* SwiftUI_BasicApp.swift */ = {isa = PBXFileReference; lastKnownFileType = sourcecode.swift; path = SwiftUI_BasicApp.swift; sourceTree = "<group>"; };
		DAEC38512A8DE3C4008479DF /* ContentView.swift */ = {isa = PBXFileReference; lastKnownFileType = sourcecode.swift; path = ContentView.swift; sourceTree = "<group>"; };
		DAEC38532A8DE3C5008479DF /* Assets.xcassets */ = {isa = PBXFileReference; lastKnownFileType = folder.assetcatalog; path = Assets.xcassets; sourceTree = "<group>"; };
		DAEC38562A8DE3C5008479DF /* Preview Assets.xcassets */ = {isa = PBXFileReference; lastKnownFileType = folder.assetcatalog; path = "Preview Assets.xcassets"; sourceTree = "<group>"; };
		DAEC385C2A8DE3C5008479DF /* SwiftUI-BasicTests.xctest */ = {isa = PBXFileReference; explicitFileType = wrapper.cfbundle; includeInIndex = 0; path = "SwiftUI-BasicTests.xctest"; sourceTree = BUILT_PRODUCTS_DIR; };
		DAEC38602A8DE3C5008479DF /* SwiftUI_BasicTests.swift */ = {isa = PBXFileReference; lastKnownFileType = sourcecode.swift; path = SwiftUI_BasicTests.swift; sourceTree = "<group>"; };
		DAEC38662A8DE3C5008479DF /* SwiftUI-BasicUITests.xctest */ = {isa = PBXFileReference; explicitFileType = wrapper.cfbundle; includeInIndex = 0; path = "SwiftUI-BasicUITests.xctest"; sourceTree = BUILT_PRODUCTS_DIR; };
		DAEC386A2A8DE3C5008479DF /* SwiftUI_BasicUITests.swift */ = {isa = PBXFileReference; lastKnownFileType = sourcecode.swift; path = SwiftUI_BasicUITests.swift; sourceTree = "<group>"; };
		DAEC386C2A8DE3C5008479DF /* SwiftUI_BasicUITestsLaunchTests.swift */ = {isa = PBXFileReference; lastKnownFileType = sourcecode.swift; path = SwiftUI_BasicUITestsLaunchTests.swift; sourceTree = "<group>"; };
		DAEC38792A8DE601008479DF /* TextView.swift */ = {isa = PBXFileReference; lastKnownFileType = sourcecode.swift; path = TextView.swift; sourceTree = "<group>"; };
		DAEC387B2A8DE610008479DF /* ButtonView.swift */ = {isa = PBXFileReference; lastKnownFileType = sourcecode.swift; path = ButtonView.swift; sourceTree = "<group>"; };
		DAEC387D2A8DE61E008479DF /* ImageView.swift */ = {isa = PBXFileReference; lastKnownFileType = sourcecode.swift; path = ImageView.swift; sourceTree = "<group>"; };
		DAEC387F2A8DED1C008479DF /* StackView.swift */ = {isa = PBXFileReference; lastKnownFileType = sourcecode.swift; path = StackView.swift; sourceTree = "<group>"; };
		DAEC38832A8DEDC7008479DF /* Episode.swift */ = {isa = PBXFileReference; lastKnownFileType = sourcecode.swift; path = Episode.swift; sourceTree = "<group>"; };
		DAEC38852A8DEDDA008479DF /* PlayerView.swift */ = {isa = PBXFileReference; lastKnownFileType = sourcecode.swift; path = PlayerView.swift; sourceTree = "<group>"; };
		DAEC38872A8DEDF3008479DF /* PlayingStatusView.swift */ = {isa = PBXFileReference; lastKnownFileType = sourcecode.swift; path = PlayingStatusView.swift; sourceTree = "<group>"; };
		DAEC38892A8DEE06008479DF /* PlayButton.swift */ = {isa = PBXFileReference; lastKnownFileType = sourcecode.swift; path = PlayButton.swift; sourceTree = "<group>"; };
		DAEC388C2A8DF18B008479DF /* SymbolRoller-SwiftUI.xcodeproj */ = {isa = PBXFileReference; lastKnownFileType = "wrapper.pb-project"; path = "SymbolRoller-SwiftUI.xcodeproj"; sourceTree = "<group>"; };
		DAEC38902A8DF18B008479DF /* SymbolRoller_SwiftUITests.swift */ = {isa = PBXFileReference; fileEncoding = 4; lastKnownFileType = sourcecode.swift; path = SymbolRoller_SwiftUITests.swift; sourceTree = "<group>"; };
		DAEC38922A8DF18B008479DF /* SymbolRoller_SwiftUIUITests.swift */ = {isa = PBXFileReference; fileEncoding = 4; lastKnownFileType = sourcecode.swift; path = SymbolRoller_SwiftUIUITests.swift; sourceTree = "<group>"; };
		DAEC38932A8DF18B008479DF /* SymbolRoller_SwiftUIUITestsLaunchTests.swift */ = {isa = PBXFileReference; fileEncoding = 4; lastKnownFileType = sourcecode.swift; path = SymbolRoller_SwiftUIUITestsLaunchTests.swift; sourceTree = "<group>"; };
		DAEC38952A8DF18B008479DF /* Assets.xcassets */ = {isa = PBXFileReference; lastKnownFileType = folder.assetcatalog; path = Assets.xcassets; sourceTree = "<group>"; };
		DAEC38972A8DF18B008479DF /* Preview Assets.xcassets */ = {isa = PBXFileReference; lastKnownFileType = folder.assetcatalog; path = "Preview Assets.xcassets"; sourceTree = "<group>"; };
		DAEC38982A8DF18B008479DF /* SymbolRoller_SwiftUIApp.swift */ = {isa = PBXFileReference; fileEncoding = 4; lastKnownFileType = sourcecode.swift; path = SymbolRoller_SwiftUIApp.swift; sourceTree = "<group>"; };
		DAEC38992A8DF18B008479DF /* SymbolRollerView.swift */ = {isa = PBXFileReference; fileEncoding = 4; lastKnownFileType = sourcecode.swift; path = SymbolRollerView.swift; sourceTree = "<group>"; };
		DAEC38AB2A8DF1D7008479DF /* SymbolRollerView.swift */ = {isa = PBXFileReference; lastKnownFileType = sourcecode.swift; path = SymbolRollerView.swift; sourceTree = "<group>"; };
		DAEC38AE2A8DF5CC008479DF /* StockModel.swift */ = {isa = PBXFileReference; lastKnownFileType = sourcecode.swift; path = StockModel.swift; sourceTree = "<group>"; };
		DAEC38B02A8DF5D7008479DF /* StockRankView.swift */ = {isa = PBXFileReference; lastKnownFileType = sourcecode.swift; path = StockRankView.swift; sourceTree = "<group>"; };
		DAEC38B22A8DF5E7008479DF /* StockRankRow.swift */ = {isa = PBXFileReference; lastKnownFileType = sourcecode.swift; path = StockRankRow.swift; sourceTree = "<group>"; };
		DAEC38B52A8E099B008479DF /* FrameworkListView.swift */ = {isa = PBXFileReference; lastKnownFileType = sourcecode.swift; path = FrameworkListView.swift; sourceTree = "<group>"; };
		DAEC38B72A8E09C1008479DF /* FrameworkCell.swift */ = {isa = PBXFileReference; lastKnownFileType = sourcecode.swift; path = FrameworkCell.swift; sourceTree = "<group>"; };
		DAEC38B92A8E09D1008479DF /* FrameworkData.swift */ = {isa = PBXFileReference; lastKnownFileType = sourcecode.swift; path = FrameworkData.swift; sourceTree = "<group>"; };
		DAEC38D62A8E1573008479DF /* StockDetailView.swift */ = {isa = PBXFileReference; lastKnownFileType = sourcecode.swift; path = StockDetailView.swift; sourceTree = "<group>"; };
/* End PBXFileReference section */

/* Begin PBXFrameworksBuildPhase section */
		DAEC38492A8DE3C4008479DF /* Frameworks */ = {
			isa = PBXFrameworksBuildPhase;
			buildActionMask = 2147483647;
			files = (
			);
			runOnlyForDeploymentPostprocessing = 0;
		};
		DAEC38592A8DE3C5008479DF /* Frameworks */ = {
			isa = PBXFrameworksBuildPhase;
			buildActionMask = 2147483647;
			files = (
			);
			runOnlyForDeploymentPostprocessing = 0;
		};
		DAEC38632A8DE3C5008479DF /* Frameworks */ = {
			isa = PBXFrameworksBuildPhase;
			buildActionMask = 2147483647;
			files = (
			);
			runOnlyForDeploymentPostprocessing = 0;
		};
/* End PBXFrameworksBuildPhase section */

/* Begin PBXGroup section */
		DAB9090E2A8F0CA200393BAF /* EnvironmentObjTest */ = {
			isa = PBXGroup;
			children = (
				DAB9090F2A8F0CCE00393BAF /* FirstView.swift */,
				DAB909112A8F0CE700393BAF /* SecondView.swift */,
				DAB909132A8F0CF000393BAF /* ThirdView.swift */,
				DAB909152A8F0D1F00393BAF /* UserProfileSettings.swift */,
			);
			path = EnvironmentObjTest;
			sourceTree = "<group>";
		};
		DAEC38432A8DE3C4008479DF = {
			isa = PBXGroup;
			children = (
				DAEC384E2A8DE3C4008479DF /* SwiftUI-Basic */,
				DAEC385F2A8DE3C5008479DF /* SwiftUI-BasicTests */,
				DAEC38692A8DE3C5008479DF /* SwiftUI-BasicUITests */,
				DAEC384D2A8DE3C4008479DF /* Products */,
			);
			sourceTree = "<group>";
		};
		DAEC384D2A8DE3C4008479DF /* Products */ = {
			isa = PBXGroup;
			children = (
				DAEC384C2A8DE3C4008479DF /* SwiftUI-Basic.app */,
				DAEC385C2A8DE3C5008479DF /* SwiftUI-BasicTests.xctest */,
				DAEC38662A8DE3C5008479DF /* SwiftUI-BasicUITests.xctest */,
			);
			name = Products;
			sourceTree = "<group>";
		};
		DAEC384E2A8DE3C4008479DF /* SwiftUI-Basic */ = {
			isa = PBXGroup;
			children = (
				DAEC384F2A8DE3C4008479DF /* SwiftUI_BasicApp.swift */,
				DAEC38512A8DE3C4008479DF /* ContentView.swift */,
				DAEC38812A8DED7A008479DF /* Basic01 */,
				DAEC38822A8DEDA8008479DF /* Basic02 */,
				DAEC38AA2A8DF1B8008479DF /* SymbolRoller */,
				DAEC38AD2A8DF533008479DF /* StockRank */,
				DAEC38B42A8E0979008479DF /* AppleFramework */,
				DAB9090E2A8F0CA200393BAF /* EnvironmentObjTest */,
				DAEC38532A8DE3C5008479DF /* Assets.xcassets */,
				DAEC38552A8DE3C5008479DF /* Preview Content */,
			);
			path = "SwiftUI-Basic";
			sourceTree = "<group>";
		};
		DAEC38552A8DE3C5008479DF /* Preview Content */ = {
			isa = PBXGroup;
			children = (
				DAEC38562A8DE3C5008479DF /* Preview Assets.xcassets */,
			);
			path = "Preview Content";
			sourceTree = "<group>";
		};
		DAEC385F2A8DE3C5008479DF /* SwiftUI-BasicTests */ = {
			isa = PBXGroup;
			children = (
				DAEC38602A8DE3C5008479DF /* SwiftUI_BasicTests.swift */,
			);
			path = "SwiftUI-BasicTests";
			sourceTree = "<group>";
		};
		DAEC38692A8DE3C5008479DF /* SwiftUI-BasicUITests */ = {
			isa = PBXGroup;
			children = (
				DAEC386A2A8DE3C5008479DF /* SwiftUI_BasicUITests.swift */,
				DAEC386C2A8DE3C5008479DF /* SwiftUI_BasicUITestsLaunchTests.swift */,
				DAEC388B2A8DF18B008479DF /* SymbolRoller-SwiftUI */,
			);
			path = "SwiftUI-BasicUITests";
			sourceTree = "<group>";
		};
		DAEC38812A8DED7A008479DF /* Basic01 */ = {
			isa = PBXGroup;
			children = (
				DAEC387F2A8DED1C008479DF /* StackView.swift */,
				DAEC38792A8DE601008479DF /* TextView.swift */,
				DAEC387B2A8DE610008479DF /* ButtonView.swift */,
				DAEC387D2A8DE61E008479DF /* ImageView.swift */,
			);
			path = Basic01;
			sourceTree = "<group>";
		};
		DAEC38822A8DEDA8008479DF /* Basic02 */ = {
			isa = PBXGroup;
			children = (
				DAEC38832A8DEDC7008479DF /* Episode.swift */,
				DAEC38852A8DEDDA008479DF /* PlayerView.swift */,
				DAEC38872A8DEDF3008479DF /* PlayingStatusView.swift */,
				DAEC38892A8DEE06008479DF /* PlayButton.swift */,
			);
			path = Basic02;
			sourceTree = "<group>";
		};
		DAEC388B2A8DF18B008479DF /* SymbolRoller-SwiftUI */ = {
			isa = PBXGroup;
			children = (
				DAEC388C2A8DF18B008479DF /* SymbolRoller-SwiftUI.xcodeproj */,
				DAEC388F2A8DF18B008479DF /* SymbolRoller-SwiftUITests */,
				DAEC38912A8DF18B008479DF /* SymbolRoller-SwiftUIUITests */,
				DAEC38942A8DF18B008479DF /* SymbolRoller-SwiftUI */,
			);
			name = "SymbolRoller-SwiftUI";
			path = "../../../../Desktop/fc-ios-bible-for-beginner-2022-master/Part7_SwiftUI/Ch4_SwiftUI-응용하기-1/final/SymbolRoller-SwiftUI";
			sourceTree = "<group>";
		};
		DAEC388D2A8DF18B008479DF /* Products */ = {
			isa = PBXGroup;
			children = (
				DAEC389E2A8DF18B008479DF /* SymbolRoller-SwiftUI.app */,
				DAEC38A02A8DF18B008479DF /* SymbolRoller-SwiftUITests.xctest */,
				DAEC38A22A8DF18B008479DF /* SymbolRoller-SwiftUIUITests.xctest */,
			);
			name = Products;
			sourceTree = "<group>";
		};
		DAEC388F2A8DF18B008479DF /* SymbolRoller-SwiftUITests */ = {
			isa = PBXGroup;
			children = (
				DAEC38902A8DF18B008479DF /* SymbolRoller_SwiftUITests.swift */,
			);
			path = "SymbolRoller-SwiftUITests";
			sourceTree = "<group>";
		};
		DAEC38912A8DF18B008479DF /* SymbolRoller-SwiftUIUITests */ = {
			isa = PBXGroup;
			children = (
				DAEC38922A8DF18B008479DF /* SymbolRoller_SwiftUIUITests.swift */,
				DAEC38932A8DF18B008479DF /* SymbolRoller_SwiftUIUITestsLaunchTests.swift */,
			);
			path = "SymbolRoller-SwiftUIUITests";
			sourceTree = "<group>";
		};
		DAEC38942A8DF18B008479DF /* SymbolRoller-SwiftUI */ = {
			isa = PBXGroup;
			children = (
				DAEC38952A8DF18B008479DF /* Assets.xcassets */,
				DAEC38962A8DF18B008479DF /* Preview Content */,
				DAEC38982A8DF18B008479DF /* SymbolRoller_SwiftUIApp.swift */,
				DAEC38992A8DF18B008479DF /* SymbolRollerView.swift */,
			);
			path = "SymbolRoller-SwiftUI";
			sourceTree = "<group>";
		};
		DAEC38962A8DF18B008479DF /* Preview Content */ = {
			isa = PBXGroup;
			children = (
				DAEC38972A8DF18B008479DF /* Preview Assets.xcassets */,
			);
			path = "Preview Content";
			sourceTree = "<group>";
		};
		DAEC38AA2A8DF1B8008479DF /* SymbolRoller */ = {
			isa = PBXGroup;
			children = (
				DAEC38AB2A8DF1D7008479DF /* SymbolRollerView.swift */,
			);
			path = SymbolRoller;
			sourceTree = "<group>";
		};
		DAEC38AD2A8DF533008479DF /* StockRank */ = {
			isa = PBXGroup;
			children = (
				DAEC38AE2A8DF5CC008479DF /* StockModel.swift */,
				DAEC38B02A8DF5D7008479DF /* StockRankView.swift */,
				DAB909092A8F07FF00393BAF /* StockRankViewModel.swift */,
				DAEC38B22A8DF5E7008479DF /* StockRankRow.swift */,
				DAEC38D62A8E1573008479DF /* StockDetailView.swift */,
			);
			path = StockRank;
			sourceTree = "<group>";
		};
		DAEC38B42A8E0979008479DF /* AppleFramework */ = {
			isa = PBXGroup;
			children = (
				DAEC38B52A8E099B008479DF /* FrameworkListView.swift */,
				DAEC38B72A8E09C1008479DF /* FrameworkCell.swift */,
				DAEC38B92A8E09D1008479DF /* FrameworkData.swift */,
			);
			path = AppleFramework;
			sourceTree = "<group>";
		};
/* End PBXGroup section */

/* Begin PBXNativeTarget section */
		DAEC384B2A8DE3C4008479DF /* SwiftUI-Basic */ = {
			isa = PBXNativeTarget;
			buildConfigurationList = DAEC38702A8DE3C5008479DF /* Build configuration list for PBXNativeTarget "SwiftUI-Basic" */;
			buildPhases = (
				DAEC38482A8DE3C4008479DF /* Sources */,
				DAEC38492A8DE3C4008479DF /* Frameworks */,
				DAEC384A2A8DE3C4008479DF /* Resources */,
			);
			buildRules = (
			);
			dependencies = (
			);
			name = "SwiftUI-Basic";
			productName = "SwiftUI-Basic";
			productReference = DAEC384C2A8DE3C4008479DF /* SwiftUI-Basic.app */;
			productType = "com.apple.product-type.application";
		};
		DAEC385B2A8DE3C5008479DF /* SwiftUI-BasicTests */ = {
			isa = PBXNativeTarget;
			buildConfigurationList = DAEC38732A8DE3C5008479DF /* Build configuration list for PBXNativeTarget "SwiftUI-BasicTests" */;
			buildPhases = (
				DAEC38582A8DE3C5008479DF /* Sources */,
				DAEC38592A8DE3C5008479DF /* Frameworks */,
				DAEC385A2A8DE3C5008479DF /* Resources */,
			);
			buildRules = (
			);
			dependencies = (
				DAEC385E2A8DE3C5008479DF /* PBXTargetDependency */,
			);
			name = "SwiftUI-BasicTests";
			productName = "SwiftUI-BasicTests";
			productReference = DAEC385C2A8DE3C5008479DF /* SwiftUI-BasicTests.xctest */;
			productType = "com.apple.product-type.bundle.unit-test";
		};
		DAEC38652A8DE3C5008479DF /* SwiftUI-BasicUITests */ = {
			isa = PBXNativeTarget;
			buildConfigurationList = DAEC38762A8DE3C5008479DF /* Build configuration list for PBXNativeTarget "SwiftUI-BasicUITests" */;
			buildPhases = (
				DAEC38622A8DE3C5008479DF /* Sources */,
				DAEC38632A8DE3C5008479DF /* Frameworks */,
				DAEC38642A8DE3C5008479DF /* Resources */,
			);
			buildRules = (
			);
			dependencies = (
				DAEC38682A8DE3C5008479DF /* PBXTargetDependency */,
			);
			name = "SwiftUI-BasicUITests";
			productName = "SwiftUI-BasicUITests";
			productReference = DAEC38662A8DE3C5008479DF /* SwiftUI-BasicUITests.xctest */;
			productType = "com.apple.product-type.bundle.ui-testing";
		};
/* End PBXNativeTarget section */

/* Begin PBXProject section */
		DAEC38442A8DE3C4008479DF /* Project object */ = {
			isa = PBXProject;
			attributes = {
				BuildIndependentTargetsInParallel = 1;
				LastSwiftUpdateCheck = 1430;
				LastUpgradeCheck = 1430;
				TargetAttributes = {
					DAEC384B2A8DE3C4008479DF = {
						CreatedOnToolsVersion = 14.3.1;
					};
					DAEC385B2A8DE3C5008479DF = {
						CreatedOnToolsVersion = 14.3.1;
						TestTargetID = DAEC384B2A8DE3C4008479DF;
					};
					DAEC38652A8DE3C5008479DF = {
						CreatedOnToolsVersion = 14.3.1;
						TestTargetID = DAEC384B2A8DE3C4008479DF;
					};
				};
			};
			buildConfigurationList = DAEC38472A8DE3C4008479DF /* Build configuration list for PBXProject "SwiftUI-Basic" */;
			compatibilityVersion = "Xcode 14.0";
			developmentRegion = en;
			hasScannedForEncodings = 0;
			knownRegions = (
				en,
				Base,
			);
			mainGroup = DAEC38432A8DE3C4008479DF;
			productRefGroup = DAEC384D2A8DE3C4008479DF /* Products */;
			projectDirPath = "";
			projectReferences = (
				{
					ProductGroup = DAEC388D2A8DF18B008479DF /* Products */;
					ProjectRef = DAEC388C2A8DF18B008479DF /* SymbolRoller-SwiftUI.xcodeproj */;
				},
			);
			projectRoot = "";
			targets = (
				DAEC384B2A8DE3C4008479DF /* SwiftUI-Basic */,
				DAEC385B2A8DE3C5008479DF /* SwiftUI-BasicTests */,
				DAEC38652A8DE3C5008479DF /* SwiftUI-BasicUITests */,
			);
		};
/* End PBXProject section */

/* Begin PBXReferenceProxy section */
		DAEC389E2A8DF18B008479DF /* SymbolRoller-SwiftUI.app */ = {
			isa = PBXReferenceProxy;
			fileType = wrapper.application;
			path = "SymbolRoller-SwiftUI.app";
			remoteRef = DAEC389D2A8DF18B008479DF /* PBXContainerItemProxy */;
			sourceTree = BUILT_PRODUCTS_DIR;
		};
		DAEC38A02A8DF18B008479DF /* SymbolRoller-SwiftUITests.xctest */ = {
			isa = PBXReferenceProxy;
			fileType = wrapper.cfbundle;
			path = "SymbolRoller-SwiftUITests.xctest";
			remoteRef = DAEC389F2A8DF18B008479DF /* PBXContainerItemProxy */;
			sourceTree = BUILT_PRODUCTS_DIR;
		};
		DAEC38A22A8DF18B008479DF /* SymbolRoller-SwiftUIUITests.xctest */ = {
			isa = PBXReferenceProxy;
			fileType = wrapper.cfbundle;
			path = "SymbolRoller-SwiftUIUITests.xctest";
			remoteRef = DAEC38A12A8DF18B008479DF /* PBXContainerItemProxy */;
			sourceTree = BUILT_PRODUCTS_DIR;
		};
/* End PBXReferenceProxy section */

/* Begin PBXResourcesBuildPhase section */
		DAEC384A2A8DE3C4008479DF /* Resources */ = {
			isa = PBXResourcesBuildPhase;
			buildActionMask = 2147483647;
			files = (
				DAEC38572A8DE3C5008479DF /* Preview Assets.xcassets in Resources */,
				DAEC38542A8DE3C5008479DF /* Assets.xcassets in Resources */,
			);
			runOnlyForDeploymentPostprocessing = 0;
		};
		DAEC385A2A8DE3C5008479DF /* Resources */ = {
			isa = PBXResourcesBuildPhase;
			buildActionMask = 2147483647;
			files = (
			);
			runOnlyForDeploymentPostprocessing = 0;
		};
		DAEC38642A8DE3C5008479DF /* Resources */ = {
			isa = PBXResourcesBuildPhase;
			buildActionMask = 2147483647;
			files = (
				DAEC38A72A8DF18B008479DF /* Preview Assets.xcassets in Resources */,
				DAEC38A62A8DF18B008479DF /* Assets.xcassets in Resources */,
			);
			runOnlyForDeploymentPostprocessing = 0;
		};
/* End PBXResourcesBuildPhase section */

/* Begin PBXSourcesBuildPhase section */
		DAEC38482A8DE3C4008479DF /* Sources */ = {
			isa = PBXSourcesBuildPhase;
			buildActionMask = 2147483647;
			files = (
				DAB909122A8F0CE700393BAF /* SecondView.swift in Sources */,
				DAEC387E2A8DE61E008479DF /* ImageView.swift in Sources */,
				DAB909102A8F0CCE00393BAF /* FirstView.swift in Sources */,
				DAEC388A2A8DEE06008479DF /* PlayButton.swift in Sources */,
				DAEC38B62A8E099B008479DF /* FrameworkListView.swift in Sources */,
				DAEC387A2A8DE601008479DF /* TextView.swift in Sources */,
				DAEC38842A8DEDC7008479DF /* Episode.swift in Sources */,
				DAEC38862A8DEDDA008479DF /* PlayerView.swift in Sources */,
				DAB909142A8F0CF000393BAF /* ThirdView.swift in Sources */,
				DAEC38522A8DE3C4008479DF /* ContentView.swift in Sources */,
				DAEC38AC2A8DF1D7008479DF /* SymbolRollerView.swift in Sources */,
				DAEC387C2A8DE610008479DF /* ButtonView.swift in Sources */,
				DAEC38AF2A8DF5CC008479DF /* StockModel.swift in Sources */,
				DAEC38B32A8DF5E7008479DF /* StockRankRow.swift in Sources */,
				DAB909162A8F0D1F00393BAF /* UserProfileSettings.swift in Sources */,
				DAEC38882A8DEDF3008479DF /* PlayingStatusView.swift in Sources */,
				DAEC38B82A8E09C1008479DF /* FrameworkCell.swift in Sources */,
				DAEC38502A8DE3C4008479DF /* SwiftUI_BasicApp.swift in Sources */,
				DAEC38B12A8DF5D7008479DF /* StockRankView.swift in Sources */,
				DAEC38BA2A8E09D1008479DF /* FrameworkData.swift in Sources */,
				DAEC38D72A8E1573008479DF /* StockDetailView.swift in Sources */,
				DAEC38802A8DED1C008479DF /* StackView.swift in Sources */,
				DAB9090A2A8F07FF00393BAF /* StockRankViewModel.swift in Sources */,
			);
			runOnlyForDeploymentPostprocessing = 0;
		};
		DAEC38582A8DE3C5008479DF /* Sources */ = {
			isa = PBXSourcesBuildPhase;
			buildActionMask = 2147483647;
			files = (
				DAEC38612A8DE3C5008479DF /* SwiftUI_BasicTests.swift in Sources */,
			);
			runOnlyForDeploymentPostprocessing = 0;
		};
		DAEC38622A8DE3C5008479DF /* Sources */ = {
			isa = PBXSourcesBuildPhase;
			buildActionMask = 2147483647;
			files = (
				DAEC38A92A8DF18B008479DF /* SymbolRollerView.swift in Sources */,
				DAEC38A52A8DF18B008479DF /* SymbolRoller_SwiftUIUITestsLaunchTests.swift in Sources */,
				DAEC38A32A8DF18B008479DF /* SymbolRoller_SwiftUITests.swift in Sources */,
				DAEC386B2A8DE3C5008479DF /* SwiftUI_BasicUITests.swift in Sources */,
				DAEC38A82A8DF18B008479DF /* SymbolRoller_SwiftUIApp.swift in Sources */,
				DAEC386D2A8DE3C5008479DF /* SwiftUI_BasicUITestsLaunchTests.swift in Sources */,
				DAEC38A42A8DF18B008479DF /* SymbolRoller_SwiftUIUITests.swift in Sources */,
			);
			runOnlyForDeploymentPostprocessing = 0;
		};
/* End PBXSourcesBuildPhase section */

/* Begin PBXTargetDependency section */
		DAEC385E2A8DE3C5008479DF /* PBXTargetDependency */ = {
			isa = PBXTargetDependency;
			target = DAEC384B2A8DE3C4008479DF /* SwiftUI-Basic */;
			targetProxy = DAEC385D2A8DE3C5008479DF /* PBXContainerItemProxy */;
		};
		DAEC38682A8DE3C5008479DF /* PBXTargetDependency */ = {
			isa = PBXTargetDependency;
			target = DAEC384B2A8DE3C4008479DF /* SwiftUI-Basic */;
			targetProxy = DAEC38672A8DE3C5008479DF /* PBXContainerItemProxy */;
		};
/* End PBXTargetDependency section */

/* Begin XCBuildConfiguration section */
		DAEC386E2A8DE3C5008479DF /* Debug */ = {
			isa = XCBuildConfiguration;
			buildSettings = {
				ALWAYS_SEARCH_USER_PATHS = NO;
				CLANG_ANALYZER_NONNULL = YES;
				CLANG_ANALYZER_NUMBER_OBJECT_CONVERSION = YES_AGGRESSIVE;
				CLANG_CXX_LANGUAGE_STANDARD = "gnu++20";
				CLANG_ENABLE_MODULES = YES;
				CLANG_ENABLE_OBJC_ARC = YES;
				CLANG_ENABLE_OBJC_WEAK = YES;
				CLANG_WARN_BLOCK_CAPTURE_AUTORELEASING = YES;
				CLANG_WARN_BOOL_CONVERSION = YES;
				CLANG_WARN_COMMA = YES;
				CLANG_WARN_CONSTANT_CONVERSION = YES;
				CLANG_WARN_DEPRECATED_OBJC_IMPLEMENTATIONS = YES;
				CLANG_WARN_DIRECT_OBJC_ISA_USAGE = YES_ERROR;
				CLANG_WARN_DOCUMENTATION_COMMENTS = YES;
				CLANG_WARN_EMPTY_BODY = YES;
				CLANG_WARN_ENUM_CONVERSION = YES;
				CLANG_WARN_INFINITE_RECURSION = YES;
				CLANG_WARN_INT_CONVERSION = YES;
				CLANG_WARN_NON_LITERAL_NULL_CONVERSION = YES;
				CLANG_WARN_OBJC_IMPLICIT_RETAIN_SELF = YES;
				CLANG_WARN_OBJC_LITERAL_CONVERSION = YES;
				CLANG_WARN_OBJC_ROOT_CLASS = YES_ERROR;
				CLANG_WARN_QUOTED_INCLUDE_IN_FRAMEWORK_HEADER = YES;
				CLANG_WARN_RANGE_LOOP_ANALYSIS = YES;
				CLANG_WARN_STRICT_PROTOTYPES = YES;
				CLANG_WARN_SUSPICIOUS_MOVE = YES;
				CLANG_WARN_UNGUARDED_AVAILABILITY = YES_AGGRESSIVE;
				CLANG_WARN_UNREACHABLE_CODE = YES;
				CLANG_WARN__DUPLICATE_METHOD_MATCH = YES;
				COPY_PHASE_STRIP = NO;
				DEBUG_INFORMATION_FORMAT = dwarf;
				ENABLE_STRICT_OBJC_MSGSEND = YES;
				ENABLE_TESTABILITY = YES;
				GCC_C_LANGUAGE_STANDARD = gnu11;
				GCC_DYNAMIC_NO_PIC = NO;
				GCC_NO_COMMON_BLOCKS = YES;
				GCC_OPTIMIZATION_LEVEL = 0;
				GCC_PREPROCESSOR_DEFINITIONS = (
					"DEBUG=1",
					"$(inherited)",
				);
				GCC_WARN_64_TO_32_BIT_CONVERSION = YES;
				GCC_WARN_ABOUT_RETURN_TYPE = YES_ERROR;
				GCC_WARN_UNDECLARED_SELECTOR = YES;
				GCC_WARN_UNINITIALIZED_AUTOS = YES_AGGRESSIVE;
				GCC_WARN_UNUSED_FUNCTION = YES;
				GCC_WARN_UNUSED_VARIABLE = YES;
				IPHONEOS_DEPLOYMENT_TARGET = 16.4;
				MTL_ENABLE_DEBUG_INFO = INCLUDE_SOURCE;
				MTL_FAST_MATH = YES;
				ONLY_ACTIVE_ARCH = YES;
				SDKROOT = iphoneos;
				SWIFT_ACTIVE_COMPILATION_CONDITIONS = DEBUG;
				SWIFT_OPTIMIZATION_LEVEL = "-Onone";
			};
			name = Debug;
		};
		DAEC386F2A8DE3C5008479DF /* Release */ = {
			isa = XCBuildConfiguration;
			buildSettings = {
				ALWAYS_SEARCH_USER_PATHS = NO;
				CLANG_ANALYZER_NONNULL = YES;
				CLANG_ANALYZER_NUMBER_OBJECT_CONVERSION = YES_AGGRESSIVE;
				CLANG_CXX_LANGUAGE_STANDARD = "gnu++20";
				CLANG_ENABLE_MODULES = YES;
				CLANG_ENABLE_OBJC_ARC = YES;
				CLANG_ENABLE_OBJC_WEAK = YES;
				CLANG_WARN_BLOCK_CAPTURE_AUTORELEASING = YES;
				CLANG_WARN_BOOL_CONVERSION = YES;
				CLANG_WARN_COMMA = YES;
				CLANG_WARN_CONSTANT_CONVERSION = YES;
				CLANG_WARN_DEPRECATED_OBJC_IMPLEMENTATIONS = YES;
				CLANG_WARN_DIRECT_OBJC_ISA_USAGE = YES_ERROR;
				CLANG_WARN_DOCUMENTATION_COMMENTS = YES;
				CLANG_WARN_EMPTY_BODY = YES;
				CLANG_WARN_ENUM_CONVERSION = YES;
				CLANG_WARN_INFINITE_RECURSION = YES;
				CLANG_WARN_INT_CONVERSION = YES;
				CLANG_WARN_NON_LITERAL_NULL_CONVERSION = YES;
				CLANG_WARN_OBJC_IMPLICIT_RETAIN_SELF = YES;
				CLANG_WARN_OBJC_LITERAL_CONVERSION = YES;
				CLANG_WARN_OBJC_ROOT_CLASS = YES_ERROR;
				CLANG_WARN_QUOTED_INCLUDE_IN_FRAMEWORK_HEADER = YES;
				CLANG_WARN_RANGE_LOOP_ANALYSIS = YES;
				CLANG_WARN_STRICT_PROTOTYPES = YES;
				CLANG_WARN_SUSPICIOUS_MOVE = YES;
				CLANG_WARN_UNGUARDED_AVAILABILITY = YES_AGGRESSIVE;
				CLANG_WARN_UNREACHABLE_CODE = YES;
				CLANG_WARN__DUPLICATE_METHOD_MATCH = YES;
				COPY_PHASE_STRIP = NO;
				DEBUG_INFORMATION_FORMAT = "dwarf-with-dsym";
				ENABLE_NS_ASSERTIONS = NO;
				ENABLE_STRICT_OBJC_MSGSEND = YES;
				GCC_C_LANGUAGE_STANDARD = gnu11;
				GCC_NO_COMMON_BLOCKS = YES;
				GCC_WARN_64_TO_32_BIT_CONVERSION = YES;
				GCC_WARN_ABOUT_RETURN_TYPE = YES_ERROR;
				GCC_WARN_UNDECLARED_SELECTOR = YES;
				GCC_WARN_UNINITIALIZED_AUTOS = YES_AGGRESSIVE;
				GCC_WARN_UNUSED_FUNCTION = YES;
				GCC_WARN_UNUSED_VARIABLE = YES;
				IPHONEOS_DEPLOYMENT_TARGET = 16.4;
				MTL_ENABLE_DEBUG_INFO = NO;
				MTL_FAST_MATH = YES;
				SDKROOT = iphoneos;
				SWIFT_COMPILATION_MODE = wholemodule;
				SWIFT_OPTIMIZATION_LEVEL = "-O";
				VALIDATE_PRODUCT = YES;
			};
			name = Release;
		};
		DAEC38712A8DE3C5008479DF /* Debug */ = {
			isa = XCBuildConfiguration;
			buildSettings = {
				ASSETCATALOG_COMPILER_APPICON_NAME = AppIcon;
				ASSETCATALOG_COMPILER_GLOBAL_ACCENT_COLOR_NAME = AccentColor;
				CODE_SIGN_STYLE = Automatic;
				CURRENT_PROJECT_VERSION = 1;
				DEVELOPMENT_ASSET_PATHS = "\"SwiftUI-Basic/Preview Content\"";
				DEVELOPMENT_TEAM = 839W2CPX46;
				ENABLE_PREVIEWS = YES;
				GENERATE_INFOPLIST_FILE = YES;
				INFOPLIST_KEY_UIApplicationSceneManifest_Generation = YES;
				INFOPLIST_KEY_UIApplicationSupportsIndirectInputEvents = YES;
				INFOPLIST_KEY_UILaunchScreen_Generation = YES;
				INFOPLIST_KEY_UISupportedInterfaceOrientations_iPad = "UIInterfaceOrientationPortrait UIInterfaceOrientationPortraitUpsideDown UIInterfaceOrientationLandscapeLeft UIInterfaceOrientationLandscapeRight";
				INFOPLIST_KEY_UISupportedInterfaceOrientations_iPhone = "UIInterfaceOrientationPortrait UIInterfaceOrientationLandscapeLeft UIInterfaceOrientationLandscapeRight";
				LD_RUNPATH_SEARCH_PATHS = (
					"$(inherited)",
					"@executable_path/Frameworks",
				);
				MARKETING_VERSION = 1.0;
				PRODUCT_BUNDLE_IDENTIFIER = "com.example.SwiftUI-Basic";
				PRODUCT_NAME = "$(TARGET_NAME)";
				SWIFT_EMIT_LOC_STRINGS = YES;
				SWIFT_VERSION = 5.0;
				TARGETED_DEVICE_FAMILY = "1,2";
			};
			name = Debug;
		};
		DAEC38722A8DE3C5008479DF /* Release */ = {
			isa = XCBuildConfiguration;
			buildSettings = {
				ASSETCATALOG_COMPILER_APPICON_NAME = AppIcon;
				ASSETCATALOG_COMPILER_GLOBAL_ACCENT_COLOR_NAME = AccentColor;
				CODE_SIGN_STYLE = Automatic;
				CURRENT_PROJECT_VERSION = 1;
				DEVELOPMENT_ASSET_PATHS = "\"SwiftUI-Basic/Preview Content\"";
				DEVELOPMENT_TEAM = 839W2CPX46;
				ENABLE_PREVIEWS = YES;
				GENERATE_INFOPLIST_FILE = YES;
				INFOPLIST_KEY_UIApplicationSceneManifest_Generation = YES;
				INFOPLIST_KEY_UIApplicationSupportsIndirectInputEvents = YES;
				INFOPLIST_KEY_UILaunchScreen_Generation = YES;
				INFOPLIST_KEY_UISupportedInterfaceOrientations_iPad = "UIInterfaceOrientationPortrait UIInterfaceOrientationPortraitUpsideDown UIInterfaceOrientationLandscapeLeft UIInterfaceOrientationLandscapeRight";
				INFOPLIST_KEY_UISupportedInterfaceOrientations_iPhone = "UIInterfaceOrientationPortrait UIInterfaceOrientationLandscapeLeft UIInterfaceOrientationLandscapeRight";
				LD_RUNPATH_SEARCH_PATHS = (
					"$(inherited)",
					"@executable_path/Frameworks",
				);
				MARKETING_VERSION = 1.0;
				PRODUCT_BUNDLE_IDENTIFIER = "com.example.SwiftUI-Basic";
				PRODUCT_NAME = "$(TARGET_NAME)";
				SWIFT_EMIT_LOC_STRINGS = YES;
				SWIFT_VERSION = 5.0;
				TARGETED_DEVICE_FAMILY = "1,2";
			};
			name = Release;
		};
		DAEC38742A8DE3C5008479DF /* Debug */ = {
			isa = XCBuildConfiguration;
			buildSettings = {
				ALWAYS_EMBED_SWIFT_STANDARD_LIBRARIES = YES;
				BUNDLE_LOADER = "$(TEST_HOST)";
				CODE_SIGN_STYLE = Automatic;
				CURRENT_PROJECT_VERSION = 1;
				DEVELOPMENT_TEAM = 839W2CPX46;
				GENERATE_INFOPLIST_FILE = YES;
				IPHONEOS_DEPLOYMENT_TARGET = 16.4;
				MARKETING_VERSION = 1.0;
				PRODUCT_BUNDLE_IDENTIFIER = "com.example.SwiftUI-BasicTests";
				PRODUCT_NAME = "$(TARGET_NAME)";
				SWIFT_EMIT_LOC_STRINGS = NO;
				SWIFT_VERSION = 5.0;
				TARGETED_DEVICE_FAMILY = "1,2";
				TEST_HOST = "$(BUILT_PRODUCTS_DIR)/SwiftUI-Basic.app/$(BUNDLE_EXECUTABLE_FOLDER_PATH)/SwiftUI-Basic";
			};
			name = Debug;
		};
		DAEC38752A8DE3C5008479DF /* Release */ = {
			isa = XCBuildConfiguration;
			buildSettings = {
				ALWAYS_EMBED_SWIFT_STANDARD_LIBRARIES = YES;
				BUNDLE_LOADER = "$(TEST_HOST)";
				CODE_SIGN_STYLE = Automatic;
				CURRENT_PROJECT_VERSION = 1;
				DEVELOPMENT_TEAM = 839W2CPX46;
				GENERATE_INFOPLIST_FILE = YES;
				IPHONEOS_DEPLOYMENT_TARGET = 16.4;
				MARKETING_VERSION = 1.0;
				PRODUCT_BUNDLE_IDENTIFIER = "com.example.SwiftUI-BasicTests";
				PRODUCT_NAME = "$(TARGET_NAME)";
				SWIFT_EMIT_LOC_STRINGS = NO;
				SWIFT_VERSION = 5.0;
				TARGETED_DEVICE_FAMILY = "1,2";
				TEST_HOST = "$(BUILT_PRODUCTS_DIR)/SwiftUI-Basic.app/$(BUNDLE_EXECUTABLE_FOLDER_PATH)/SwiftUI-Basic";
			};
			name = Release;
		};
		DAEC38772A8DE3C5008479DF /* Debug */ = {
			isa = XCBuildConfiguration;
			buildSettings = {
				ALWAYS_EMBED_SWIFT_STANDARD_LIBRARIES = YES;
				CODE_SIGN_STYLE = Automatic;
				CURRENT_PROJECT_VERSION = 1;
				DEVELOPMENT_TEAM = 839W2CPX46;
				GENERATE_INFOPLIST_FILE = YES;
				MARKETING_VERSION = 1.0;
				PRODUCT_BUNDLE_IDENTIFIER = "com.example.SwiftUI-BasicUITests";
				PRODUCT_NAME = "$(TARGET_NAME)";
				SWIFT_EMIT_LOC_STRINGS = NO;
				SWIFT_VERSION = 5.0;
				TARGETED_DEVICE_FAMILY = "1,2";
				TEST_TARGET_NAME = "SwiftUI-Basic";
			};
			name = Debug;
		};
		DAEC38782A8DE3C5008479DF /* Release */ = {
			isa = XCBuildConfiguration;
			buildSettings = {
				ALWAYS_EMBED_SWIFT_STANDARD_LIBRARIES = YES;
				CODE_SIGN_STYLE = Automatic;
				CURRENT_PROJECT_VERSION = 1;
				DEVELOPMENT_TEAM = 839W2CPX46;
				GENERATE_INFOPLIST_FILE = YES;
				MARKETING_VERSION = 1.0;
				PRODUCT_BUNDLE_IDENTIFIER = "com.example.SwiftUI-BasicUITests";
				PRODUCT_NAME = "$(TARGET_NAME)";
				SWIFT_EMIT_LOC_STRINGS = NO;
				SWIFT_VERSION = 5.0;
				TARGETED_DEVICE_FAMILY = "1,2";
				TEST_TARGET_NAME = "SwiftUI-Basic";
			};
			name = Release;
		};
/* End XCBuildConfiguration section */

/* Begin XCConfigurationList section */
		DAEC38472A8DE3C4008479DF /* Build configuration list for PBXProject "SwiftUI-Basic" */ = {
			isa = XCConfigurationList;
			buildConfigurations = (
				DAEC386E2A8DE3C5008479DF /* Debug */,
				DAEC386F2A8DE3C5008479DF /* Release */,
			);
			defaultConfigurationIsVisible = 0;
			defaultConfigurationName = Release;
		};
		DAEC38702A8DE3C5008479DF /* Build configuration list for PBXNativeTarget "SwiftUI-Basic" */ = {
			isa = XCConfigurationList;
			buildConfigurations = (
				DAEC38712A8DE3C5008479DF /* Debug */,
				DAEC38722A8DE3C5008479DF /* Release */,
			);
			defaultConfigurationIsVisible = 0;
			defaultConfigurationName = Release;
		};
		DAEC38732A8DE3C5008479DF /* Build configuration list for PBXNativeTarget "SwiftUI-BasicTests" */ = {
			isa = XCConfigurationList;
			buildConfigurations = (
				DAEC38742A8DE3C5008479DF /* Debug */,
				DAEC38752A8DE3C5008479DF /* Release */,
			);
			defaultConfigurationIsVisible = 0;
			defaultConfigurationName = Release;
		};
		DAEC38762A8DE3C5008479DF /* Build configuration list for PBXNativeTarget "SwiftUI-BasicUITests" */ = {
			isa = XCConfigurationList;
			buildConfigurations = (
				DAEC38772A8DE3C5008479DF /* Debug */,
				DAEC38782A8DE3C5008479DF /* Release */,
			);
			defaultConfigurationIsVisible = 0;
			defaultConfigurationName = Release;
		};
/* End XCConfigurationList section */
	};
	rootObject = DAEC38442A8DE3C4008479DF /* Project object */;
}
